{
  "schema_version": 1,
  "parser_version": "whoscored-parser-v8",
  "report_schema_version": 3,
  "business_dataset_count": 25,
  "files": {
    ".dockerignore": "1d4b5983474e636a1e498b43c8bee69de0c1d1ba1ed8bfa02ea7eb4e03e70570",
    "configs/medallion/competitions.yaml": "8f390a96b7be13ff1abcc83102b3f25e4a94d82221ef80c8bf00792f9b8a7088",
    "dags/__init__.py": "bd6ca61fea00b7dd5a362aeff27747b39083038d503ba905b8ba378612b82ed6",
    "dags/dag_backfill_whoscored.py": "be7a30146ed4e2560a81edcec07b7f1e825fc865d88836b61fa1312cf213a69a",
    "dags/dag_backup_whoscored_storage.py": "42c148a37097240896bc71b242e864081e3124b41355b4cddd526c78bfd2f258",
    "dags/dag_canary_whoscored_proxy.py": "95bf0432328a7575489ec7c3164e8b4e4226d2666643c8707c3f45a4f92cdff5",
    "dags/dag_ingest_whoscored.py": "e90ea31b3950606f35b59db2e6aaafc88eaeafe7eafadb874ea1080d6013371a",
    "dags/plugins/__init__.py": "26ba88ed3c36f7577f06e62c1e414055209e39619d3d1cceeca1794c861c0c6e",
    "dags/plugins/whoscored_bootstrap_timetable.py": "9ed423e2d4f99339546423831311648a0907c65fc0bfe7a594ba9002947c4ee3",
    "dags/scripts/__init__.py": "52318b08cb6bc0196dce8c44c0df814128e5ed97519faa6dbb45055626d09bdc",
    "dags/scripts/run_whoscored_backfill_item.py": "ce01345aa02e4587c1c2239cbfeff62b9b1efaa777232941c16dc65b5cbbc436",
    "dags/scripts/run_whoscored_scraper.py": "3e8500161108061b54b1c5701fb80871083c63e9daf81fd71d6d9d9d5cbbf2f7",
    "dags/scripts/whoscored_bootstrap.py": "6c270a70b17b0006b67b3f3fa9ca3bdf926a7ca8ac6ea1896ed53e74bae2044e",
    "dags/scripts/whoscored_frozen_dq.py": "ba5d953587d04d14fe7020efbb7d16e7263efe184db99085b127a884f92cab39",
    "dags/scripts/whoscored_identity.py": "7e2706ba7d7dfd9237753c424b5d1ee3544052ca94c09e9a2a633c17cbeaeb8e",
    "dags/scripts/whoscored_ops_store.py": "5f436a1066c21822daf565a14624de33bfa10ff5dc655d13f7b18d09ab8e2732",
    "dags/scripts/whoscored_production_issuance.py": "f4ff4261e4b4c47100e7acc1629a199a008409c94053f65d67224ae84b4fbdf1",
    "dags/scripts/whoscored_proxy_runtime.py": "0895e9a1efb5412cde17b8518bfaa6c523bca57becfaa9e3059529ae2fba3855",
    "dags/scripts/whoscored_rollout_acceptance.py": "73df8b5d3f904a3b9b965ced4c3d32e6fe7c14c3f067d0a9b9bb5a4564ecb895",
    "dags/utils/__init__.py": "58ffcd31e139fd39bed5ac90339ac4e3080afa404575a2126fe92010c219eb00",
    "dags/utils/alerts.py": "47968272b21abd26d3b670e661bb6fc41ee1605542583cfa9cc07cf197086bdc",
    "dags/utils/config.py": "df91f3f6dcd1d9c0f849721f4e33e6df3d1240c7176d55e4361a8fc340d2bb78",
    "dags/utils/default_args.py": "a9fe403b9529e9562e58b012467bff51bfeb6ceb9388214182ddebd393e2b9c8",
    "dags/utils/maintenance_tasks.py": "54df7a78d602e46289cbd38882faee06921ccc805008906aa744a04f7332a65d",
    "dags/utils/silver_tasks.py": "07ac23eba081b14944dd0e81090c7f832c21e6ee69b22ebb0d02fbc059af8720",
    "docker/images/airflow/Dockerfile": "55152a935252746159f415bd993ead2ed77da2984a6eaed7fff1524af3e69aa4",
    "docker/images/airflow/requirements-airflow.txt": "06bb175fef7d52bfc5ffb5a1b4bf027b32ffbd6fde86690db6bf3766b8398841",
    "docker/images/airflow/requirements-build-tools.txt": "f6620046a197e8a05ad44dc55902ffd71c6e3b7e7003e5c2c2063fd4c945c2fc",
    "docker/images/airflow/requirements-scheduler.txt": "a12c76e79f74d096223a2e798fd9088975ed7d36cd38a43d560b4f8939bceffb",
    "docker/images/airflow/requirements-scraper-runner.txt": "37028378e2bd24a471fbfef7773bd70e680d7d88a9596a8c0a96035954781beb",
    "docker/images/airflow/requirements-scraping.txt": "c2dfe8df51e05d87198cffeacdadae607f00f8058007cc861188301ba2aa3971",
    "docker/images/airflow/requirements.txt": "34238504409d514a22812deeb31840c62f05fa6fa0c2e5e10ec4ee7e4983bcbd",
    "docker/images/airflow/whoscored-production-entrypoint": "53a68adb26f470ccebf8b12db9cec664032b8428d7e4d4f27fa81f10bd96f605",
    "docker/images/airflow/whoscored-production-gate": "9db75f5bb282bc8e855eac26554cd58e6d6fa8b07c94bd09af8a7203861a4e6f",
    "docker/images/airflow/whoscored-production-python": "7540a5a4e8305cf3b717d81cf5f58f201d9ba509cd95f2a3461348c9f5cd52d2",
    "docker/images/airflow/whoscored_capacity_worker_bootstrap.py": "8acc095626a63c21154d232a543bdf94a4687a6a86bd6e5c82ea777ef999f9aa",
    "docker/images/airflow/whoscored_production_gate.py": "aadcc9c38a795a8e91217cd0f898b0fe0fdd584f9e353a1009e0a2f0393501c2",
    "docker/images/airflow/whoscored_runtime_pth.py": "0da3660231db3d693d0ce52d81befeaafa2c75af35cece99782b563bf9bad301",
    "docker/images/airflow/whoscored_runtime_startup.py": "06092e4ebbd27ca530b9595e952a572356aa0d3003633c977fda532c05a20f79",
    "docker/images/flaresolverr-whoscored/Dockerfile": "e8943266a5a7aab7621bc86e7a692a6c9763aa1e2fa6d3ecf279bc6f7fcbad41",
    "docker/images/flaresolverr-whoscored/Dockerfile.dockerignore": "1d4b5983474e636a1e498b43c8bee69de0c1d1ba1ed8bfa02ea7eb4e03e70570",
    "docker/images/flaresolverr-whoscored/entrypoint.sh": "ae05a8b8e738ca5eb4c03eb0f751d02c8d8590a651d44b7652164176e846ac67",
    "scrapers/__init__.py": "cf5b2e633e20bef29d1cb0adee3355895772e47e16ee1b1556e9c5fe0a313b5f",
    "scrapers/base/__init__.py": "afee416d2e7ff6de6aa8fd8de2293e709181fb9fd7a800856abfe6ee692ce57c",
    "scrapers/base/flaresolverr_client.py": "f29bdab466e9af273ac193b345fa8e74831ec22c01388ef5a59ef6b46eb30c78",
    "scrapers/base/iceberg_writer.py": "5ab88ead5d77317f17dde11db8033d79501c6ebd0a48fd5b6eb60efc70ad24d3",
    "scrapers/base/sql_validator.py": "b73a94b1c9bcf449e3233aacb9801cd860d9196c73c2ad4af3c4a264bace3925",
    "scrapers/base/trino_manager.py": "92e36c9fe82d90b541b91dda07d7a470c437790ecf6a19a96aff814ea9adfa5d",
    "scrapers/fbref/__init__.py": "40dab016d1cb145508ab0f55f6c04560c4d7e4a4163cca2bda3a91d2cdf0fa10",
    "scrapers/fbref/control/__init__.py": "b131f67f6906d02e856db81110a7bbc4160a7ea6ef5149bd7d399d69a25f468e",
    "scrapers/fbref/control/migrations.py": "339f16ca9d4a3a8ea25640a82e325579d23b379d7b88f3ecd512bb1f0440892d",
    "scrapers/fbref/control/models.py": "2e6f99c67de4db999aa2f03afc196a9a9ffd818c8aeade49b75fb476031969b9",
    "scrapers/fbref/control/replay_effects.py": "c49a1ee71426c43fb970ec03de38b44dbec59eff26c91e62030380eb037dfd38",
    "scrapers/fbref/control/store.py": "283d1adffcce5c69dca8f7b9c18d46c96a1db3d00632779fe5d1a62dc12ed8d7",
    "scrapers/fbref/policy.py": "f28b736ddb4a18ffa7f14de9f3c65cf45a8fb7ced5e9bd4519bc728b2cea5cdf",
    "scrapers/fbref/settings.py": "a8397e96e0c15711f33bde0e9a497e5f9c2cbd1b88536abd57d9bbd35d45f664",
    "scrapers/fotmob/__init__.py": "3f2163fabd0097d2162a0e7daf14851ce66c3acbc7e9ffc53aeaba4681dbc990",
    "scrapers/fotmob/constants.py": "3a3e6bc7619fa229c6cc232e268fcec2bdc3a92e93537d27e5ffa7c858d53575",
    "scrapers/sofascore/__init__.py": "2d1df1ef6078d9c956efcc26e92ee161222087de0ef8b8c21380487ae4e4cecd",
    "scrapers/sofascore/runtime_fingerprint.py": "6b5566f708d1ba88aab768c255c7b20d2dde250926ce6297cb4a96e503eef5af",
    "scrapers/sofascore/workload_plan.py": "247452583f920bfc418f805c2148e35fa8b1708c869840c687bfde907601aa84",
    "scrapers/utils/__init__.py": "f9d38300deedaa60abb7ee03b0a517c00c03f4cd12112db47c942c09300f02c1",
    "scrapers/utils/proxy_manager.py": "3ee21c9045090046bd2f9509a038fbc2bc815e3cd1b67006841404bdd57b564b",
    "scrapers/utils/rate_limiter.py": "3183e193a694fea4374cf36d1c0e506e7ef00c31b6bf3b912c6ecd732f172677",
    "scrapers/whoscored/__init__.py": "1c5f227befaadfd9c3be107779594a193d08a34d2327bd017027fb477edf4b05",
    "scrapers/whoscored/catalog.py": "1f5204788bb5dcf11ba21b8524bc6ec2b02dfc1d027410611deb8dcfd8df0dd9",
    "scrapers/whoscored/detailed_feeds.py": "856bc8e2ae923c8fa51036ab980e8b6c4b114c3f8fa891b4a741898e73d318dd",
    "scrapers/whoscored/domain.py": "f87b4590cf580412d67ea370ccfb48224f27bd954252b0bb9e85bf1fa0179d83",
    "scrapers/whoscored/parsers.py": "6436281aa5952c3da5ea1927f82ce4b3c7e9a9dc77763393cc15dcd34c7a7d3f",
    "scrapers/whoscored/profile_policy.py": "1ac7f2aadd2c8edd52989a6f1af3a04d56200e7c0a7aecf24feeaae28eb8f1d6",
    "scrapers/whoscored/proxy_campaign.py": "532744947f691a17802bfd818d197b344feea36eec8124cbeca5f82483b2e0d5",
    "scrapers/whoscored/raw_store.py": "249bfd67bab0e6e531769b0128cc08f2bb621652380848ee45fe1dd28e2fb2e2",
    "scrapers/whoscored/repository.py": "4ec8d41c607642e9dec301b39deea6b25569eb9a1a52b038a3fdf81acedf4686",
    "scrapers/whoscored/runtime_contract.py": "42407580ea2b84b8e3ff41840d5664cb14364d5a9e7b4eae9f9bd19da6946ab2",
    "scrapers/whoscored/runtime_limits.py": "896ec16834d6c9ca9924ed9feeab77ca5ebf1f8975f81e9f4fe3a21af717005d",
    "scrapers/whoscored/service.py": "005f0551ced3b9fe334f9c2eb2005b3890e4c955ca7c0a95491e6de2b282c4c0",
    "scrapers/whoscored/source_circuit.py": "a5151da85688c9514d4d7eac55d4ca7200e62fdcabc6fcb10431406e6c37fe24",
    "scrapers/whoscored/stage_feeds.py": "9099865f34517c4e2e626083954f508eafb948768492c206153c1f11f5d0cd66",
    "scrapers/whoscored/transport.py": "c5ad7639873d292f14bf3e44dfddfc393e124e0725fab5e0dc617ff3af01c84f",
    "scripts/__init__.py": "8f76198351bb6714cff1dc9e2978806d2e87060ce4b8deeabeac72c391c7a9fc",
    "scripts/fbref_proxy/filter_proxy.py": "73e27c602d28696e08dad7a3a24c02077c53357e4d6c974395ead1786151c40e",
    "scripts/flaresolverr_extended.py": "6a37011652dbb9e7b7b9edcbac2457b23b7ea2c0fad6d5b913ad3a5b37adc2d5",
    "scripts/proxy_filter/__init__.py": "7146a37770864e5bbd63f6060f89d2615e5606ddab63c8dd017cb5d9b8e0015f",
    "scripts/proxy_filter/budget.py": "60232dc8076d03fe355785ab566a5aa633f267d5634d6ffc93a127c376407c1f",
    "scripts/proxy_filter/filter_proxy.py": "91173093e57c11a44f71de3e11c460511a0aeae19f96273121278f802afd150d",
    "scripts/research/bench_whoscored_capacity.py": "23686beebbbec3e4876d41d2499b66e2b29cf36031f02a1fb67c526153725dea",
    "scripts/research/bench_whoscored_workflow.py": "f703fd6abef7687c0a4386c7afef1ac6252794ae8a09d47b717d68e109100f90",
    "scripts/research/whoscored_capacity_container_runtime.py": "3e594c83c4efb63f18009668759bea5b43d8c504cc2c7b3932a68c991678a15c",
    "scripts/research/whoscored_capacity_worker_exec.py": "56e1e498c8773ef7b422912e1acb8e498552ce42d547727dd2b5a58595868273",
    "scripts/validate_whoscored_build_provenance.py": "93def3fd43f65a939e08a8e86e58beac16202c8fc2c763ad7fd0d97021ff6484",
    "scripts/whoscored_go_decision.py": "e158812d5d8c6331c15839e8f3ee67dc9d74606984c250ab9c68902c77e9a15e",
    "scripts/whoscored_paid_gateway.py": "958adc66caaac5d1d44c891a894410b2e37956f2025b607532410b254fbfd3ee",
    "scripts/whoscored_production_admission.py": "9079edcf7f3e769da1d544d720e3b790b73f48a965cff8ec654a2d9745191027",
    "scripts/whoscored_proxy_campaign.py": "2a0c32117ba7b1e5e5db7a1154114c4b25a456dd27a832667f2e9b9bc1be5f86",
    "scripts/whoscored_raw_backup.py": "66b7967cca84732bbb8376cad08557acd70f12d89bf5eb74d90b560077feda93",
    "scripts/whoscored_v2_object_contract.py": "479585b880163274d0d496b52d04454a0e6331e89cf2a4b984c60a6d40868f9e"
  }
}
