{
  "schema_version": 1,
  "parser_version": "whoscored-parser-v8",
  "report_schema_version": 3,
  "business_dataset_count": 25,
  "files": {
    ".dockerignore": "1d4b5983474e636a1e498b43c8bee69de0c1d1ba1ed8bfa02ea7eb4e03e70570",
    "configs/medallion/competitions.yaml": "bde7c0dcdadfbe7cbae1b1dd8d27c8572d73df541165bafb814fb295390b4ae6",
    "dags/__init__.py": "bd6ca61fea00b7dd5a362aeff27747b39083038d503ba905b8ba378612b82ed6",
    "dags/dag_backfill_whoscored.py": "816e2e52afc68867daa5cad38b336a7259c962c51b8cc7f88ab0d814a4df8b39",
    "dags/dag_backup_whoscored_storage.py": "42c148a37097240896bc71b242e864081e3124b41355b4cddd526c78bfd2f258",
    "dags/dag_canary_whoscored_proxy.py": "95bf0432328a7575489ec7c3164e8b4e4226d2666643c8707c3f45a4f92cdff5",
    "dags/dag_ingest_whoscored.py": "6ae47333af9e1d92941993624f5102949c9a87dd47828bd327a9e799c8944550",
    "dags/plugins/__init__.py": "26ba88ed3c36f7577f06e62c1e414055209e39619d3d1cceeca1794c861c0c6e",
    "dags/plugins/whoscored_bootstrap_timetable.py": "9ed423e2d4f99339546423831311648a0907c65fc0bfe7a594ba9002947c4ee3",
    "dags/scripts/__init__.py": "52318b08cb6bc0196dce8c44c0df814128e5ed97519faa6dbb45055626d09bdc",
    "dags/scripts/run_whoscored_backfill_item.py": "db61f0145b98a5438996bb395e98973176b6cf7aeb0cc50f56cd3e8b368368f8",
    "dags/scripts/run_whoscored_scraper.py": "69f86c2f9c818d7c5553482a4dbf7d4b553cf2d98417e0df4b8643656c7b28ff",
    "dags/scripts/whoscored_bootstrap.py": "6c270a70b17b0006b67b3f3fa9ca3bdf926a7ca8ac6ea1896ed53e74bae2044e",
    "dags/scripts/whoscored_frozen_dq.py": "3a5ba1fd5a3cf00319e98e4a5638d9696fe29c042e03798d0bf0987ef15f051a",
    "dags/scripts/whoscored_identity.py": "7e2706ba7d7dfd9237753c424b5d1ee3544052ca94c09e9a2a633c17cbeaeb8e",
    "dags/scripts/whoscored_ops_store.py": "d4ab0f3174db04d81681466c92c690a8b05d47dd50cc7d55583c1d3d1a5a7828",
    "dags/scripts/whoscored_production_issuance.py": "f4ff4261e4b4c47100e7acc1629a199a008409c94053f65d67224ae84b4fbdf1",
    "dags/scripts/whoscored_proxy_runtime.py": "0895e9a1efb5412cde17b8518bfaa6c523bca57becfaa9e3059529ae2fba3855",
    "dags/scripts/whoscored_rollout_acceptance.py": "73df8b5d3f904a3b9b965ced4c3d32e6fe7c14c3f067d0a9b9bb5a4564ecb895",
    "dags/utils/__init__.py": "58ffcd31e139fd39bed5ac90339ac4e3080afa404575a2126fe92010c219eb00",
    "dags/utils/alerts.py": "47968272b21abd26d3b670e661bb6fc41ee1605542583cfa9cc07cf197086bdc",
    "dags/utils/config.py": "e7a973667c6b3d0f17575b5f6213a6b8a75c4896b16dbe3239b3ef1a427e4b16",
    "dags/utils/default_args.py": "a9fe403b9529e9562e58b012467bff51bfeb6ceb9388214182ddebd393e2b9c8",
    "dags/utils/maintenance_tasks.py": "170800459879f390c6ed1fb374c87a488402c295c0c3abe04725c965e04c66a6",
    "dags/utils/silver_tasks.py": "07ac23eba081b14944dd0e81090c7f832c21e6ee69b22ebb0d02fbc059af8720",
    "docker/images/airflow/Dockerfile": "55152a935252746159f415bd993ead2ed77da2984a6eaed7fff1524af3e69aa4",
    "docker/images/airflow/requirements-airflow.txt": "06bb175fef7d52bfc5ffb5a1b4bf027b32ffbd6fde86690db6bf3766b8398841",
    "docker/images/airflow/requirements-build-tools.txt": "f6620046a197e8a05ad44dc55902ffd71c6e3b7e7003e5c2c2063fd4c945c2fc",
    "docker/images/airflow/requirements-scheduler.txt": "a12c76e79f74d096223a2e798fd9088975ed7d36cd38a43d560b4f8939bceffb",
    "docker/images/airflow/requirements-scraper-runner.txt": "37028378e2bd24a471fbfef7773bd70e680d7d88a9596a8c0a96035954781beb",
    "docker/images/airflow/requirements-scraping.txt": "c2dfe8df51e05d87198cffeacdadae607f00f8058007cc861188301ba2aa3971",
    "docker/images/airflow/requirements.txt": "34238504409d514a22812deeb31840c62f05fa6fa0c2e5e10ec4ee7e4983bcbd",
    "docker/images/airflow/whoscored-production-entrypoint": "53a68adb26f470ccebf8b12db9cec664032b8428d7e4d4f27fa81f10bd96f605",
    "docker/images/airflow/whoscored-production-gate": "9db75f5bb282bc8e855eac26554cd58e6d6fa8b07c94bd09af8a7203861a4e6f",
    "docker/images/airflow/whoscored-production-python": "7540a5a4e8305cf3b717d81cf5f58f201d9ba509cd95f2a3461348c9f5cd52d2",
    "docker/images/airflow/whoscored_capacity_worker_bootstrap.py": "cd51fc83cebb7b418bea0b948da2869c1a5b4be5e03c567971e68b43095ec5c8",
    "docker/images/airflow/whoscored_production_gate.py": "aadcc9c38a795a8e91217cd0f898b0fe0fdd584f9e353a1009e0a2f0393501c2",
    "docker/images/airflow/whoscored_runtime_pth.py": "0da3660231db3d693d0ce52d81befeaafa2c75af35cece99782b563bf9bad301",
    "docker/images/airflow/whoscored_runtime_startup.py": "06092e4ebbd27ca530b9595e952a572356aa0d3003633c977fda532c05a20f79",
    "docker/images/flaresolverr-whoscored/Dockerfile": "e8943266a5a7aab7621bc86e7a692a6c9763aa1e2fa6d3ecf279bc6f7fcbad41",
    "docker/images/flaresolverr-whoscored/Dockerfile.dockerignore": "1d4b5983474e636a1e498b43c8bee69de0c1d1ba1ed8bfa02ea7eb4e03e70570",
    "docker/images/flaresolverr-whoscored/entrypoint.sh": "ae05a8b8e738ca5eb4c03eb0f751d02c8d8590a651d44b7652164176e846ac67",
    "scrapers/__init__.py": "cf5b2e633e20bef29d1cb0adee3355895772e47e16ee1b1556e9c5fe0a313b5f",
    "scrapers/base/__init__.py": "afee416d2e7ff6de6aa8fd8de2293e709181fb9fd7a800856abfe6ee692ce57c",
    "scrapers/base/flaresolverr_client.py": "f29bdab466e9af273ac193b345fa8e74831ec22c01388ef5a59ef6b46eb30c78",
    "scrapers/base/iceberg_writer.py": "5ab88ead5d77317f17dde11db8033d79501c6ebd0a48fd5b6eb60efc70ad24d3",
    "scrapers/base/sql_validator.py": "b73a94b1c9bcf449e3233aacb9801cd860d9196c73c2ad4af3c4a264bace3925",
    "scrapers/base/trino_manager.py": "2da047b11d7adf432a5bbca5fb615dbc6fdb4d6c12f4b1519aae927d0a14a406",
    "scrapers/fbref/__init__.py": "40dab016d1cb145508ab0f55f6c04560c4d7e4a4163cca2bda3a91d2cdf0fa10",
    "scrapers/fbref/control/__init__.py": "6294141868355f808cb375d33769cddae6de5ac81e8745fda02fbda44938c341",
    "scrapers/fbref/control/migrations.py": "42ad79c2566a13fd7306c63acba90ce1d5ac4033b5750c01fc29644d2c0baa6f",
    "scrapers/fbref/control/models.py": "a1d7784e67ac11f49beab8c49a27a334c07599741f10a75f4ae33129dd6c7fc3",
    "scrapers/fbref/control/store.py": "3a58350b6cd7d373d9c5e5671f5ad78098270e13f6af5238fdf893028d961116",
    "scrapers/fbref/policy.py": "f28b736ddb4a18ffa7f14de9f3c65cf45a8fb7ced5e9bd4519bc728b2cea5cdf",
    "scrapers/fbref/settings.py": "fad2f1ca0eb9ea993d5d394ba3de1d0801f850d45b0e19edd9cebef5cfec5026",
    "scrapers/fotmob/__init__.py": "3f2163fabd0097d2162a0e7daf14851ce66c3acbc7e9ffc53aeaba4681dbc990",
    "scrapers/fotmob/constants.py": "3a3e6bc7619fa229c6cc232e268fcec2bdc3a92e93537d27e5ffa7c858d53575",
    "scrapers/sofascore/__init__.py": "2d1df1ef6078d9c956efcc26e92ee161222087de0ef8b8c21380487ae4e4cecd",
    "scrapers/sofascore/runtime_fingerprint.py": "0665600a2bdef91b97a57fa6aa08106b70778431d98080d1dd9f49c6da30ef27",
    "scrapers/sofascore/workload_plan.py": "a5fbb2bf9d3b94969fcc9567bcb0df1f66fb42ef1dea8b1f1a838f13e347e929",
    "scrapers/utils/__init__.py": "f9d38300deedaa60abb7ee03b0a517c00c03f4cd12112db47c942c09300f02c1",
    "scrapers/utils/proxy_manager.py": "3ee21c9045090046bd2f9509a038fbc2bc815e3cd1b67006841404bdd57b564b",
    "scrapers/utils/rate_limiter.py": "3183e193a694fea4374cf36d1c0e506e7ef00c31b6bf3b912c6ecd732f172677",
    "scrapers/whoscored/__init__.py": "1c5f227befaadfd9c3be107779594a193d08a34d2327bd017027fb477edf4b05",
    "scrapers/whoscored/catalog.py": "1f5204788bb5dcf11ba21b8524bc6ec2b02dfc1d027410611deb8dcfd8df0dd9",
    "scrapers/whoscored/detailed_feeds.py": "856bc8e2ae923c8fa51036ab980e8b6c4b114c3f8fa891b4a741898e73d318dd",
    "scrapers/whoscored/domain.py": "f87b4590cf580412d67ea370ccfb48224f27bd954252b0bb9e85bf1fa0179d83",
    "scrapers/whoscored/parsers.py": "57079bec9cd17acf554723cad43f35f0eaf5604be6d570de3b4383bc8efc9090",
    "scrapers/whoscored/profile_policy.py": "1ac7f2aadd2c8edd52989a6f1af3a04d56200e7c0a7aecf24feeaae28eb8f1d6",
    "scrapers/whoscored/proxy_campaign.py": "532744947f691a17802bfd818d197b344feea36eec8124cbeca5f82483b2e0d5",
    "scrapers/whoscored/raw_store.py": "249bfd67bab0e6e531769b0128cc08f2bb621652380848ee45fe1dd28e2fb2e2",
    "scrapers/whoscored/repository.py": "f6af447e1d76961c8e71641a170ed8c4bb4c607c00dd2b938851aedbe8aec858",
    "scrapers/whoscored/runtime_contract.py": "4432b1fa6b53f60ada245ebb027cebaa97ab767344bf0867019b0230bd3f7fcd",
    "scrapers/whoscored/runtime_limits.py": "896ec16834d6c9ca9924ed9feeab77ca5ebf1f8975f81e9f4fe3a21af717005d",
    "scrapers/whoscored/service.py": "005f0551ced3b9fe334f9c2eb2005b3890e4c955ca7c0a95491e6de2b282c4c0",
    "scrapers/whoscored/source_circuit.py": "a5151da85688c9514d4d7eac55d4ca7200e62fdcabc6fcb10431406e6c37fe24",
    "scrapers/whoscored/stage_feeds.py": "9099865f34517c4e2e626083954f508eafb948768492c206153c1f11f5d0cd66",
    "scrapers/whoscored/transport.py": "a095ef182708bbb5f54f2cca112802ffa04614a8d262478e9c5e10a43614e1a9",
    "scripts/__init__.py": "8f76198351bb6714cff1dc9e2978806d2e87060ce4b8deeabeac72c391c7a9fc",
    "scripts/flaresolverr_extended.py": "6a37011652dbb9e7b7b9edcbac2457b23b7ea2c0fad6d5b913ad3a5b37adc2d5",
    "scripts/proxy_filter/__init__.py": "7146a37770864e5bbd63f6060f89d2615e5606ddab63c8dd017cb5d9b8e0015f",
    "scripts/proxy_filter/budget.py": "3bc5f80272ddca2bab0cff5d461864b68828b2772d84054af11ce345160adeaf",
    "scripts/proxy_filter/filter_proxy.py": "258a53f0360b15eaafee974d4d148471259a4d581a856951a46fa47d24ee7c2a",
    "scripts/research/bench_whoscored_capacity.py": "23686beebbbec3e4876d41d2499b66e2b29cf36031f02a1fb67c526153725dea",
    "scripts/research/bench_whoscored_workflow.py": "f703fd6abef7687c0a4386c7afef1ac6252794ae8a09d47b717d68e109100f90",
    "scripts/research/whoscored_capacity_container_runtime.py": "3e594c83c4efb63f18009668759bea5b43d8c504cc2c7b3932a68c991678a15c",
    "scripts/research/whoscored_capacity_worker_exec.py": "56e1e498c8773ef7b422912e1acb8e498552ce42d547727dd2b5a58595868273",
    "scripts/validate_whoscored_build_provenance.py": "93def3fd43f65a939e08a8e86e58beac16202c8fc2c763ad7fd0d97021ff6484",
    "scripts/whoscored_go_decision.py": "e158812d5d8c6331c15839e8f3ee67dc9d74606984c250ab9c68902c77e9a15e",
    "scripts/whoscored_paid_gateway.py": "958adc66caaac5d1d44c891a894410b2e37956f2025b607532410b254fbfd3ee",
    "scripts/whoscored_production_admission.py": "e421643d75e98a2532070c7080ae0fad8ade43af40c1cdb49b5c4996e0774763",
    "scripts/whoscored_proxy_campaign.py": "2a0c32117ba7b1e5e5db7a1154114c4b25a456dd27a832667f2e9b9bc1be5f86",
    "scripts/whoscored_raw_backup.py": "66b7967cca84732bbb8376cad08557acd70f12d89bf5eb74d90b560077feda93",
    "scripts/whoscored_v2_object_contract.py": "479585b880163274d0d496b52d04454a0e6331e89cf2a4b984c60a6d40868f9e"
  }
}
