# fbref-unit-py311: Linux x86_64 CPython 3.11 wheel lock
# Full direct + transitive closure from successful CI run 37644381187, job unit.
# Update and preparation: requirements/test/README.md
attrs==26.1.0 --hash=sha256:c647aa4a12dfbad9333ca4e71fe62ddc36f4e63b2d260a37a8b83d2f043ac309
beautifulsoup4==4.15.0 --hash=sha256:d6f88de62e1d4e38ecb1077eb9724cd0eff29d2a08ca16a401e9b9e93f117cf9
boto3==1.42.61 --hash=sha256:156efcc298a33206be6dfd220815c64aa8b09424017534cabe717636961fc306
botocore==1.42.97 --hash=sha256:77d2c8ce1bc592d3fbd7c01c35836f4a5b0cac2ca03ccdf6ffc60faa16b5fadc
certifi==2026.7.22 --hash=sha256:62f22742b58a1a33014a2b6b706588a8d7e2a88ae7bd1a6ebe8c992928483775
charset-normalizer==3.5.2 --hash=sha256:211d5a3eb6af8f513b8d4ca19a8c1b7accab1b5f0d3175f9826b03c1a920dc1f
idna==3.20 --hash=sha256:ab7ae7122974553370f0bdb919e1a960b2cd1bc1ef0276416d896db81c14582c
iniconfig==2.3.1 --hash=sha256:9121e2c1fdb355232495be3194c8dfe87ccc2d5dee45947b78e68f499790d7a7
jinja2==3.1.6 --hash=sha256:85ece4451f492d0c13c5dd7c13a64681a86afae63a5f347908daf103ce6d2f67
jmespath==1.1.0 --hash=sha256:a5663118de4908c91729bea0acadca56526eb2698e83de10cd116ae0f4e97c64
jsonschema-specifications==2025.9.1 --hash=sha256:98802fee3a11ee76ecaca44429fda8a41bff98b00a0f2838151b113f210cc6fe
jsonschema==4.26.0 --hash=sha256:d489f15263b8d200f8387e64b4c3a75f06629559fb73deb8fdfb525f2dab50ce
lxml==6.1.3 --hash=sha256:527195c188d7d0af748cd48d220ab8cdc5cb99be3d49ac4d9be7324d8abf9bc0
lz4==4.4.5 --hash=sha256:75419bb1a559af00250b8f1360d508444e80ed4b26d9d40ec5b09fe7875cb989
markupsafe==3.0.4 --hash=sha256:6da83a088f8ef93b2d483a8232a4dbf4d69d3d8496b568a03c56becac43e1808
nicknames==1.0.1 --hash=sha256:30608a6a50086bb508e6d5f4fb618ef4f988d5604f73ec1ebcccbc92952f9de9
numpy==2.4.6 --hash=sha256:89cd468399cfd2504718f0ba50e410dca55a170b61a02ad92bb18c8a65186e93
orjson==3.13.0 --hash=sha256:89bcf2d4bc6c9a7e1763c8cf534f38712e66b76a0fefda7fb7785462f0d635e4
packaging==26.3 --hash=sha256:d7193f7c8e4e93f444fde0262bf90af30e16fa0ad0ad44cb553c87339b23cd1c
pandas==3.0.6 --hash=sha256:47121f9571503f724c9b93e297ab6254ac99c77adf5e9ed085ea419fd585c258
pluggy==1.6.0 --hash=sha256:e920276dd6813095e9377c0bc5566d94c932c33b27a3e3945d8389c374dd4746
psutil==7.2.2 --hash=sha256:076a2d2f923fd4821644f5ba89f059523da90dc9014e85f8e45a5774ca5bc6f9
psycopg2-binary==2.9.13 --hash=sha256:930e7e58b33a4f9c39e7532d7a40147925cf3372baed4229cbebe0cf3ba9ce6b
pyarrow==25.0.1 --hash=sha256:25f8720bf6387d5dc2ebd2622112de630760419e4b66134405dd24110d15f37e
pybreaker==1.4.1 --hash=sha256:b4dab4a05195b7f2a64a6c1a6c4ba7a96534ef56ea7210e6bcb59f28897160e0
pygments==2.21.0 --hash=sha256:2363c69b61c4a97c838da3b130dcd6468f4848992b21a82f2a63ec34377137d9
pytest==9.1.1 --hash=sha256:37a86b45efb9a47a61a36449063e8e18d0cab3161329fc099eb21783169c4f0c
python-dateutil==2.9.0.post0 --hash=sha256:a8b2bc7bffae282281c8140a97d3aa9c14da0b136dfe83f850eea9a5f7470427
python-dotenv==1.2.4 --hash=sha256:42269a8a5b3fd54ffa6f3d84b18abed50064717576b4ecf03dc4a55d8aa04fdc
pytz==2026.5 --hash=sha256:e658af3757f9e26a9d25dd2aff38335acd92bc9104f890a894b2c1ba28311b03
pyyaml==6.0.3 --hash=sha256:b8bb0864c5a28024fac8a632c443c87c5aa6f215c0b126c449ae1a150412f31d
rapidfuzz==3.14.6 --hash=sha256:3d5d90bae3c6fb7ea34da968c9f23070e8440edb827a28b242580e0108110b14
referencing==0.37.0 --hash=sha256:381329a9f99628c9069361716891d34ad94af76e461dcb0335825aecc7692231
requests==2.34.2 --hash=sha256:2a0d60c172f83ac6ab31e4554906c0f3b3588d37b5cb939b1c061f4907e278e0
rpds-py==2026.9.1 --hash=sha256:136a1c3fe4402b7008bc81cb62ee538481795b61a7e83df88dff3b3f02b726ff
ruff==0.15.20 --hash=sha256:309809086c2acb67624950a3c8133e80f32d0d3e27106c0cd60ff26657c9f24b
s3transfer==0.16.1 --hash=sha256:61bcd00ccb83b21a0fe7e91a553fff9729d46c83b4e0106e7c314a733891f7c2
six==1.17.0 --hash=sha256:4721f391ed90541fddacab5acf947aa0d3dc7d27b2e1e8eda2be8970586c3274
soupsieve==2.10 --hash=sha256:8596eb8967d744174820280fa62b4542a2e955bfaccca73ed8a13c6eb8e9b502
tenacity==9.2.1 --hash=sha256:9e56f17539296baab7beabb08b92f6ee3d7be92d8be72d763360677c2ad6580e
trino==0.340.0 --hash=sha256:908aa292d7216e79370581f1fb089e8052d08a5f48e839c6f6713a4fa2998e1c
typing-extensions==4.16.0 --hash=sha256:481caa481374e813c1b176ada14e97f1f67a4539ce9cfeb3f350d78d6370c2e8
tzlocal==5.4.4 --hash=sha256:aae09f0126a8a86fa736be266eb4a471380d26a0de3bc14844e7821fee3e2a15
unidecode==1.4.0 --hash=sha256:c3c7606c27503ad8d501270406e345ddb480a7b5f38827eafe4fa82a137f0021
urllib3==2.8.0 --hash=sha256:0cf3cae568d36aa9576b28dfb35f11328f1cb974ca7647d9475ebb86c75ac6e3
zstandard==0.25.0 --hash=sha256:9300d02ea7c6506f00e627e287e0492a5eb0371ec1670ae852fefffa6164b072
