# WhoScored CI test runtime immutable linux/amd64 CPython 3.11 wheel lock
# Full dependency closure resolved from the former CI install command.
annotated-types==0.7.0 --hash=sha256:1f02e8b43a8fbbc3f3e0d4f0f4bfc8131bcb4eebe8849b8e5c773f3a1c582a53
attrs==26.1.0 --hash=sha256:c647aa4a12dfbad9333ca4e71fe62ddc36f4e63b2d260a37a8b83d2f043ac309
beautifulsoup4==4.15.0 --hash=sha256:d6f88de62e1d4e38ecb1077eb9724cd0eff29d2a08ca16a401e9b9e93f117cf9
cachetools==6.2.6 --hash=sha256:8c9717235b3c651603fff0076db52d6acbfd1b338b8ed50256092f7ce9c85bda
certifi==2026.6.17 --hash=sha256:2227dcbaafe0d2f59279d1762ddddc37783ed4354594f194ffc31d20f41fc3db
cffi==2.1.0 --hash=sha256:aa7a1b53a2a4452ada2d1b5dade9960b2522f1e61293a811a077439e39029565
charset-normalizer==3.4.9 --hash=sha256:04ce310cb89c15df659582aee80a0603788732a5e017d5bd5c81158106ce249c
click==8.4.2 --hash=sha256:e6f9f66136c816745b9d65817da91d61d957fb16e02e4dcd0552553c5a197b76
coverage==7.15.2 --hash=sha256:d50dd325e18ec25bfcc10cd7f99b04df1ab9ec76b0918c260e60817ad0643dee
fsspec==2026.6.0 --hash=sha256:02e0b71817df9b2169dc30a16832045764def1191b43dcff5bb85bdee212d2a1
idna==3.18 --hash=sha256:7f952cbe720b688055e3f87de14f5c3e5fdaa8bc3928985c4077ca689de849a2
iniconfig==2.3.0 --hash=sha256:f631c04d2c48c52b84d0d0549c99ff3859c98df65b3101406327ecc7d53fbf12
jinja2==3.1.6 --hash=sha256:85ece4451f492d0c13c5dd7c13a64681a86afae63a5f347908daf103ce6d2f67
jsonschema-specifications==2025.9.1 --hash=sha256:98802fee3a11ee76ecaca44429fda8a41bff98b00a0f2838151b113f210cc6fe
jsonschema==4.26.0 --hash=sha256:d489f15263b8d200f8387e64b4c3a75f06629559fb73deb8fdfb525f2dab50ce
lxml==6.1.1 --hash=sha256:18b73c339ae29b90fd2d06e58ebd555a751bde9cd6bbd36cc0281b9a2c94e9d8
lz4==4.4.5 --hash=sha256:75419bb1a559af00250b8f1360d508444e80ed4b26d9d40ec5b09fe7875cb989
markdown-it-py==4.2.0 --hash=sha256:9f7ebbcd14fe59494226453aed97c1070d83f8d24b6fc3a3bcf9a38092641c4a
markupsafe==3.0.3 --hash=sha256:0bf2a864d67e76e5c9a34dc26ec616a66b9888e25e7b9460e1c76d3293bd9dbf
mdurl==0.1.2 --hash=sha256:84008a41e51615a49fc9966191ff91509e3c40b939176e643fd50a5c2196b8f8
mmh3==5.2.1 --hash=sha256:db0562c5f71d18596dcd45e854cf2eeba27d7543e1a3acdafb7eef728f7fe85d
nicknames==1.0.1 --hash=sha256:30608a6a50086bb508e6d5f4fb618ef4f988d5604f73ec1ebcccbc92952f9de9
numpy==2.4.6 --hash=sha256:89cd468399cfd2504718f0ba50e410dca55a170b61a02ad92bb18c8a65186e93
orjson==3.11.9 --hash=sha256:147302878da387104b66bb4a8b0227d1d487e976ce41a8501916161072ed87b1
packaging==26.2 --hash=sha256:5fc45236b9446107ff2415ce77c807cee2862cb6fac22b8a73826d0693b0980e
pandas==3.0.3 --hash=sha256:8a1e45c80cceb3b4a21bc5939d52e8cbd8d9b7305309219d59e9754d9ce09e27
pluggy==1.6.0 --hash=sha256:e920276dd6813095e9377c0bc5566d94c932c33b27a3e3945d8389c374dd4746
pyarrow==25.0.0 --hash=sha256:0222f0071d13313962a88d21bf28b80d355ac39d81bfa6ff3fe00eeaf748e4be
pybreaker==1.4.1 --hash=sha256:b4dab4a05195b7f2a64a6c1a6c4ba7a96534ef56ea7210e6bcb59f28897160e0
pycparser==3.0 --hash=sha256:b727414169a36b7d524c1c3e31839a521725078d7b2ff038656844266160a992
pydantic-core==2.46.4 --hash=sha256:f9fa868638bf362d3d138ea55829cefb3d5f4b0d7f142234382a15e2485dbec4
pydantic==2.13.4 --hash=sha256:45a282cde31d808236fd7ea9d919b128653c8b38b393d1c4ab335c62924d9aba
pygments==2.20.0 --hash=sha256:81a9e26dd42fd28a23a2d169d86d7ac03b46e2f8b59ed4698fb4785f946d0176
pyiceberg==0.11.1 --hash=sha256:856c7fca5ed780ed44f60bceb92d6b311ebc008a2249415b8f6045201d4f5530
pyparsing==3.3.2 --hash=sha256:850ba148bd908d7e2411587e247a1e4f0327839c40e2e5e6d05a007ecc69911d
pyroaring==1.1.0 --hash=sha256:100585f438b293112e2c52e45a442835837c8a0267dd1e513bafec35628f8ecb
pytest-cov==7.1.0 --hash=sha256:a0461110b7865f9a271aa1b51e516c9a95de9d696734a2f71e3e78f46e1d4678
pytest==9.1.1 --hash=sha256:37a86b45efb9a47a61a36449063e8e18d0cab3161329fc099eb21783169c4f0c
python-dateutil==2.9.0.post0 --hash=sha256:a8b2bc7bffae282281c8140a97d3aa9c14da0b136dfe83f850eea9a5f7470427
pytz==2026.2 --hash=sha256:04156e608bee23d3792fd45c94ae47fae1036688e75032eea2e3bf0323d1f126
pyyaml==6.0.3 --hash=sha256:b8bb0864c5a28024fac8a632c443c87c5aa6f215c0b126c449ae1a150412f31d
rapidfuzz==3.14.5 --hash=sha256:3d50e5861872935fece391351cbb5ba21d1bced277cf5e1143d207a0a35f1925
referencing==0.37.0 --hash=sha256:381329a9f99628c9069361716891d34ad94af76e461dcb0335825aecc7692231
requests==2.34.2 --hash=sha256:2a0d60c172f83ac6ab31e4554906c0f3b3588d37b5cb939b1c061f4907e278e0
rich==14.3.4 --hash=sha256:07e7adb4690f68864777b1450859253bed81a99a31ac321ac1817b2313558952
rpds-py==2026.6.3 --hash=sha256:9c1255b302953c86a486b81d330d5ee1d5bd937691ce271b6be0ef0e299eaab7
ruff==0.15.22 --hash=sha256:365523eb91d9224e1bcb03b022fbf0facb8f9e23792a2c53d9d4b3924bdbdebb
six==1.17.0 --hash=sha256:4721f391ed90541fddacab5acf947aa0d3dc7d27b2e1e8eda2be8970586c3274
soupsieve==2.8.4 --hash=sha256:e7e6b0769c8f51ed59acab6e994b00621096cfb1c640a7509295987388fbaf65
sqlglot==30.12.0 --hash=sha256:86cccc610073c645c03e72b55b60ae0518aa3253a7fc3bd56551370d003c6554
strictyaml==1.7.3 --hash=sha256:fb5c8a4edb43bebb765959e420f9b3978d7f1af88c80606c03fb420888f5d1c7
tenacity==9.1.4 --hash=sha256:6095a360c919085f28c6527de529e76a06ad89b23659fa881ae0649b867a9d55
tls-client-python==1.15.1 --hash=sha256:a5749913b37938f18d8689fedbb455fd55b11ab49661811436c61893866e4fde
trino==0.338.0 --hash=sha256:093952f8a53b6f47ab357b77cbe92f1d66453290f7d8bcc4b74bd662e5ff2704
typing-extensions==4.16.0 --hash=sha256:481caa481374e813c1b176ada14e97f1f67a4539ce9cfeb3f350d78d6370c2e8
typing-inspection==0.4.2 --hash=sha256:4ed1cacbdc298c220f1bd249ed5287caa16f34d44ef4e9c3d0cbad5b521545e7
tzlocal==5.4.4 --hash=sha256:aae09f0126a8a86fa736be266eb4a471380d26a0de3bc14844e7821fee3e2a15
unidecode==1.4.0 --hash=sha256:c3c7606c27503ad8d501270406e345ddb480a7b5f38827eafe4fa82a137f0021
urllib3==2.7.0 --hash=sha256:9fb4c81ebbb1ce9531cce37674bbc6f1360472bc18ca9a553ede278ef7276897
zstandard==0.25.0 --hash=sha256:9300d02ea7c6506f00e627e287e0492a5eb0371ec1670ae852fefffa6164b072
